{
  "name": "journal-to-html",
  "version": "1.0.0",
  "lockfileVersion": 1,
  "requires": true,
  "dependencies": {
    "marked": {
      "version": "0.3.6",
      "resolved": "https://registry.npmjs.org/marked/-/marked-0.3.6.tgz",
      "integrity": "sha1-ssbGGPzOzk74bE/Gy4p8v1rtqNc="
    },
    "minimist": {
      "version": "0.0.8",
      "resolved": "https://registry.npmjs.org/minimist/-/minimist-0.0.8.tgz",
      "integrity": "sha1-hX/Kv8M5fSYluCKCYuhqp6ARsF0="
    },
    "mkdirp": {
      "version": "0.5.1",
      "resolved": "https://registry.npmjs.org/mkdirp/-/mkdirp-0.5.1.tgz",
      "integrity": "sha1-MAV0OOrGz3+MR2fzhkjWaX11yQM=",
      "requires": {
        "minimist": "0.0.8"
      }
    },
    "pull-file": {
      "version": "0.5.0",
      "resolved": "https://registry.npmjs.org/pull-file/-/pull-file-0.5.0.tgz",
      "integrity": "sha1-s8pAUwbggvnUUoKIkzutsrZWNls=",
      "requires": {
        "pull-utf8-decoder": "1.0.2"
      }
    },
    "pull-fs": {
      "version": "1.1.6",
      "resolved": "https://registry.npmjs.org/pull-fs/-/pull-fs-1.1.6.tgz",
      "integrity": "sha1-8YT2p3KLtNlWQTdr6tafb2bfR80=",
      "requires": {
        "pull-file": "0.5.0",
        "pull-stream": "3.6.0",
        "pull-traverse": "1.0.3",
        "pull-write-file": "0.2.4"
      }
    },
    "pull-glob": {
      "version": "1.0.6",
      "resolved": "https://registry.npmjs.org/pull-glob/-/pull-glob-1.0.6.tgz",
      "integrity": "sha1-3qWsWUjuFZeNqyTXdyApJ/aK6KY=",
      "requires": {
        "pull-fs": "1.1.6",
        "pull-stream": "3.6.0"
      }
    },
    "pull-stream": {
      "version": "3.6.0",
      "resolved": "https://registry.npmjs.org/pull-stream/-/pull-stream-3.6.0.tgz",
      "integrity": "sha1-WdAzpoFdTjCX1Hw9KxiTqeWKI1E="
    },
    "pull-tee": {
      "version": "2.0.1",
      "resolved": "https://registry.npmjs.org/pull-tee/-/pull-tee-2.0.1.tgz",
      "integrity": "sha1-AVX56ZgwH0c2XiE99Vz+5McebZc="
    },
    "pull-traverse": {
      "version": "1.0.3",
      "resolved": "https://registry.npmjs.org/pull-traverse/-/pull-traverse-1.0.3.tgz",
      "integrity": "sha1-dPtde+f6a9enjpeTPhmbeUWGaTg="
    },
    "pull-utf8-decoder": {
      "version": "1.0.2",
      "resolved": "https://registry.npmjs.org/pull-utf8-decoder/-/pull-utf8-decoder-1.0.2.tgz",
      "integrity": "sha1-p6+iOE0eZBWl1gIFQSbMjeO8vOc="
    },
    "pull-write-file": {
      "version": "0.2.4",
      "resolved": "https://registry.npmjs.org/pull-write-file/-/pull-write-file-0.2.4.tgz",
      "integrity": "sha1-Q3NErrIYn2XmeO0a838PdgpUU+8="
    }
  }
}
